
Microsoft Visual Studio Solution File, Format Version 12.00
# Visual Studio Version 17
VisualStudioVersion = 17.1.32210.238
MinimumVisualStudioVersion = 10.0.40219.1
Project("{FAE04EC0-301F-11D3-BF4B-00C04F79EFBC}") = "Berkeley College", "Berkeley College\Berkeley College.csproj", "{7D1AF266-45F4-41A1-866B-C2E9D222F28D}"
EndProject
Global
	GlobalSection(SolutionConfigurationPlatforms) = preSolution
		Debug|Any CPU = Debug|Any CPU
		Release|Any CPU = Release|Any CPU
	EndGlobalSection
	GlobalSection(ProjectConfigurationPlatforms) = postSolution
		{7D1AF266-45F4-41A1-866B-C2E9D222F28D}.Debug|Any CPU.ActiveCfg = Debug|Any CPU
		{7D1AF266-45F4-41A1-866B-C2E9D222F28D}.Debug|Any CPU.Build.0 = Debug|Any CPU
		{7D1AF266-45F4-41A1-866B-C2E9D222F28D}.Release|Any CPU.ActiveCfg = Release|Any CPU
		{7D1AF266-45F4-41A1-866B-C2E9D222F28D}.Release|Any CPU.Build.0 = Release|Any CPU
	EndGlobalSection
	GlobalSection(SolutionProperties) = preSolution
		HideSolutionNode = FALSE
	EndGlobalSection
	GlobalSection(ExtensibilityGlobals) = postSolution
		SolutionGuid = {E87E4A87-0CE1-405B-893D-4B23FEE1A015}
	EndGlobalSection
EndGlobal
